# This file is automatically @generated by Cargo.
# It is not intended for manual editing.
version = 4

[[package]]
name = "rb-core"
version = "0.1.0"

[[package]]
name = "rb-platform-macos-bridge"
version = "0.1.0"
dependencies = [
 "rb-core",
]

[[package]]
name = "rb-platform-windows"
version = "0.1.0"
dependencies = [
 "rb-core",
]
